
Microsoft Visual Studio Solution File, Format Version 12.00
# Visual Studio Version 17
VisualStudioVersion = 17.1.32414.318
MinimumVisualStudioVersion = 10.0.40219.1
Project("{2150E333-8FDC-42A3-9474-1A3956D46DE8}") = "MeetlaatOOP", "MeetlaatOOP", "{2BE04363-09F1-4D0E-95F4-FF32B048AFA2}"
EndProject
Project("{2150E333-8FDC-42A3-9474-1A3956D46DE8}") = "KlokjeOOP", "KlokjeOOP", "{2FC3B561-17CC-44AF-B74D-CD6EA8571657}"
EndProject
Project("{2150E333-8FDC-42A3-9474-1A3956D46DE8}") = "VerjaardagOOP", "VerjaardagOOP", "{BB5B928E-F1DC-42AD-9403-2B80C9EE7E28}"
EndProject
Project("{2150E333-8FDC-42A3-9474-1A3956D46DE8}") = "PizzaTimeOOP", "PizzaTimeOOP", "{59CFE0F9-22BA-416F-AABA-EB7BB889B01F}"
EndProject
Project("{2150E333-8FDC-42A3-9474-1A3956D46DE8}") = "BankManagerOOP", "BankManagerOOP", "{13DC6896-BFF8-47A2-8520-9B402F4FDB8A}"
EndProject
Project("{FAE04EC0-301F-11D3-BF4B-00C04F79EFBC}") = "BankManager", "Art1ClassDateTime\BankManagerOOP\BankManager.csproj", "{A5E9D3ED-738E-41F2-BB1E-B342B0172C74}"
EndProject
Project("{FAE04EC0-301F-11D3-BF4B-00C04F79EFBC}") = "Klokje", "Art1ClassDateTime\Klokje\Klokje.csproj", "{D33F0876-8A7B-4103-B374-68B334244588}"
EndProject
Project("{FAE04EC0-301F-11D3-BF4B-00C04F79EFBC}") = "PizzaTime", "Art1ClassDateTime\PizzaTime\PizzaTime.csproj", "{ECE29BED-3C0F-4186-AA15-6FDE369BA613}"
EndProject
Project("{FAE04EC0-301F-11D3-BF4B-00C04F79EFBC}") = "Verjaardag", "Art1ClassDateTime\Verjaardag\Verjaardag.csproj", "{288217FA-8F12-4A86-BCFF-40BB968983AE}"
EndProject
Project("{FAE04EC0-301F-11D3-BF4B-00C04F79EFBC}") = "Meetlat", "Art1ClassDateTime\Meetlat\Meetlat.csproj", "{493336A5-9380-431B-B65D-12C196FDF05C}"
EndProject
Project("{2150E333-8FDC-42A3-9474-1A3956D46DE8}") = "PokemonOOP", "PokemonOOP", "{8F91039A-2AD6-4248-852E-849447F377DB}"
EndProject
Project("{FAE04EC0-301F-11D3-BF4B-00C04F79EFBC}") = "Pokemon Tester", "Art1ClassDateTime\Pokemon\Pokemon Tester.csproj", "{A92AD4CF-C115-4494-8B66-502F00C7BE33}"
EndProject
Project("{2150E333-8FDC-42A3-9474-1A3956D46DE8}") = "SpeelkaartenOOP", "SpeelkaartenOOP", "{6D7193E2-06D7-4306-B992-CC2053B99911}"
EndProject
Project("{FAE04EC0-301F-11D3-BF4B-00C04F79EFBC}") = "Speelkaarten", "Art1ClassDateTime\Speelkaarten\Speelkaarten.csproj", "{CC5A0E72-8FBC-4C74-B570-709B1E7FB0DF}"
EndProject
Project("{2150E333-8FDC-42A3-9474-1A3956D46DE8}") = "BookmarkManagerOOP", "BookmarkManagerOOP", "{34439DB5-9750-4FF8-9736-050D272A6717}"
EndProject
Project("{FAE04EC0-301F-11D3-BF4B-00C04F79EFBC}") = "BookmarkManager", "Art1ClassDateTime\BookmarkManager\BookmarkManager.csproj", "{FCDABB1F-B9D5-4251-BBEA-9E831EB074FC}"
EndProject
Project("{2150E333-8FDC-42A3-9474-1A3956D46DE8}") = "HetDierenrijkOOP", "HetDierenrijkOOP", "{A3B0828E-7615-453F-ADAF-BC6FDC19ECD7}"
EndProject
Project("{FAE04EC0-301F-11D3-BF4B-00C04F79EFBC}") = "HetDierenrijk", "Art1ClassDateTime\HetDierenrijk\HetDierenrijk.csproj", "{81628437-4D9B-42F5-9917-C0E4CEF25F41}"
EndProject
Project("{2150E333-8FDC-42A3-9474-1A3956D46DE8}") = "BallspelMetOverervingOOP", "BallspelMetOverervingOOP", "{AFDA2604-9A5A-4D58-B07B-3728CAD25777}"
EndProject
Project("{FAE04EC0-301F-11D3-BF4B-00C04F79EFBC}") = "Ballspel", "Art1ClassDateTime\Ballspel\Ballspel.csproj", "{7556C6BA-2ED7-42A4-B1C4-78C4B08012C0}"
EndProject
Project("{2150E333-8FDC-42A3-9474-1A3956D46DE8}") = "SingleResponsibilityPrincipleOOP", "SingleResponsibilityPrincipleOOP", "{55709F3D-9C84-4B2A-B8AF-AC8DDF3312A7}"
EndProject
Project("{FAE04EC0-301F-11D3-BF4B-00C04F79EFBC}") = "ConsoleUI", "Art1ClassDateTime\ConsoleUI\ConsoleUI.csproj", "{3A052064-EDBD-41F5-84C6-E4A7380D4483}"
EndProject
Project("{2150E333-8FDC-42A3-9474-1A3956D46DE8}") = "OpenClosePrincipleOOP", "OpenClosePrincipleOOP", "{44A8C813-3247-48C6-92E5-14715F3EF526}"
EndProject
Project("{FAE04EC0-301F-11D3-BF4B-00C04F79EFBC}") = "ConsoleUI", "Art1ClassDateTime\OpenClosedPrinciple\ConsoleUI\ConsoleUI.csproj", "{BA8F544F-6007-432C-8DEB-FEAD092213D4}"
EndProject
Project("{FAE04EC0-301F-11D3-BF4B-00C04F79EFBC}") = "OCPLibrary", "Art1ClassDateTime\OpenClosedPrinciple\OCPLibrary\OCPLibrary.csproj", "{DF5FA774-EF14-4D58-A73B-F8078262B7A0}"
EndProject
Project("{2150E333-8FDC-42A3-9474-1A3956D46DE8}") = "MoneyOOP", "MoneyOOP", "{EE1C5540-ECC8-45FA-808F-B0709CC70515}"
EndProject
Project("{FAE04EC0-301F-11D3-BF4B-00C04F79EFBC}") = "Money", "Art1ClassDateTime\Money\Money.csproj", "{086DC350-0FBB-44B0-B070-994C1100D2EF}"
EndProject
Project("{2150E333-8FDC-42A3-9474-1A3956D46DE8}") = "LiskovSubstitutionPrincipleOOP", "LiskovSubstitutionPrincipleOOP", "{BE3E4314-4021-43C6-A36C-EC8CA9F42FB9}"
	ProjectSection(SolutionItems) = preProject
		Art1ClassDateTime\LiskovSubstitutionPrinciple\Uml2Company.drawio.png = Art1ClassDateTime\LiskovSubstitutionPrinciple\Uml2Company.drawio.png
	EndProjectSection
EndProject
Project("{FAE04EC0-301F-11D3-BF4B-00C04F79EFBC}") = "ConsoleUI", "Art1ClassDateTime\LiskovSubstitutionPrinciple\ConsoleUI\ConsoleUI.csproj", "{1D6ADA7F-7154-4CDA-9791-F3B79DC121BF}"
EndProject
Project("{FAE04EC0-301F-11D3-BF4B-00C04F79EFBC}") = "DemoLibrary", "Art1ClassDateTime\LiskovSubstitutionPrinciple\DemoLibrary\DemoLibrary\DemoLibrary.csproj", "{E41A7EA3-45ED-40AA-9571-E01D94C22221}"
EndProject
Project("{2150E333-8FDC-42A3-9474-1A3956D46DE8}") = "InterfaceSegregationPrincipleOOP", "InterfaceSegregationPrincipleOOP", "{2D17AD47-B0ED-4E00-8664-2B2CD598131B}"
EndProject
Project("{FAE04EC0-301F-11D3-BF4B-00C04F79EFBC}") = "ConsoleUIISP", "Art1ClassDateTime\ConsoleUIISP\ConsoleUIISP.csproj", "{58D1D808-68EB-4787-B2D6-66D2B314701C}"
	ProjectSection(ProjectDependencies) = postProject
		{880DE2FD-24CD-4457-8055-589CEA9250CE} = {880DE2FD-24CD-4457-8055-589CEA9250CE}
	EndProjectSection
EndProject
Project("{FAE04EC0-301F-11D3-BF4B-00C04F79EFBC}") = "DemoLibraryISP", "Art1ClassDateTime\DemoLibraryISP\DemoLibraryISP.csproj", "{880DE2FD-24CD-4457-8055-589CEA9250CE}"
EndProject
Project("{2150E333-8FDC-42A3-9474-1A3956D46DE8}") = "GooseGameOOP", "GooseGameOOP", "{94E3A54D-D5AB-4DA3-BAD1-D69CC25582F0}"
EndProject
Project("{FAE04EC0-301F-11D3-BF4B-00C04F79EFBC}") = "GooseGame", "Art1ClassDateTime\GoosGame\GooseGame.csproj", "{6937BE16-AC1E-4515-A383-9E045BEA6416}"
EndProject
Project("{FAE04EC0-301F-11D3-BF4B-00C04F79EFBC}") = "GooseGameConsoleApp", "Art1ClassDateTime\GooseGameConsoleApp\GooseGameConsoleApp.csproj", "{9CF65789-0794-4BB2-9C4A-C2BD09CC7CBC}"
EndProject
Project("{FAE04EC0-301F-11D3-BF4B-00C04F79EFBC}") = "GooseGame.Tests", "Art1ClassDateTime\GooseGame.Tests\GooseGame.Tests.csproj", "{FACA8AE1-B466-4D42-B2F2-9493756F6E0F}"
EndProject
Global
	GlobalSection(SolutionConfigurationPlatforms) = preSolution
		Debug|Any CPU = Debug|Any CPU
		Release|Any CPU = Release|Any CPU
	EndGlobalSection
	GlobalSection(ProjectConfigurationPlatforms) = postSolution
		{A5E9D3ED-738E-41F2-BB1E-B342B0172C74}.Debug|Any CPU.ActiveCfg = Debug|Any CPU
		{A5E9D3ED-738E-41F2-BB1E-B342B0172C74}.Debug|Any CPU.Build.0 = Debug|Any CPU
		{A5E9D3ED-738E-41F2-BB1E-B342B0172C74}.Release|Any CPU.ActiveCfg = Release|Any CPU
		{A5E9D3ED-738E-41F2-BB1E-B342B0172C74}.Release|Any CPU.Build.0 = Release|Any CPU
		{D33F0876-8A7B-4103-B374-68B334244588}.Debug|Any CPU.ActiveCfg = Debug|Any CPU
		{D33F0876-8A7B-4103-B374-68B334244588}.Debug|Any CPU.Build.0 = Debug|Any CPU
		{D33F0876-8A7B-4103-B374-68B334244588}.Release|Any CPU.ActiveCfg = Release|Any CPU
		{D33F0876-8A7B-4103-B374-68B334244588}.Release|Any CPU.Build.0 = Release|Any CPU
		{ECE29BED-3C0F-4186-AA15-6FDE369BA613}.Debug|Any CPU.ActiveCfg = Debug|Any CPU
		{ECE29BED-3C0F-4186-AA15-6FDE369BA613}.Debug|Any CPU.Build.0 = Debug|Any CPU
		{ECE29BED-3C0F-4186-AA15-6FDE369BA613}.Release|Any CPU.ActiveCfg = Release|Any CPU
		{ECE29BED-3C0F-4186-AA15-6FDE369BA613}.Release|Any CPU.Build.0 = Release|Any CPU
		{288217FA-8F12-4A86-BCFF-40BB968983AE}.Debug|Any CPU.ActiveCfg = Debug|Any CPU
		{288217FA-8F12-4A86-BCFF-40BB968983AE}.Debug|Any CPU.Build.0 = Debug|Any CPU
		{288217FA-8F12-4A86-BCFF-40BB968983AE}.Release|Any CPU.ActiveCfg = Release|Any CPU
		{288217FA-8F12-4A86-BCFF-40BB968983AE}.Release|Any CPU.Build.0 = Release|Any CPU
		{493336A5-9380-431B-B65D-12C196FDF05C}.Debug|Any CPU.ActiveCfg = Debug|Any CPU
		{493336A5-9380-431B-B65D-12C196FDF05C}.Debug|Any CPU.Build.0 = Debug|Any CPU
		{493336A5-9380-431B-B65D-12C196FDF05C}.Release|Any CPU.ActiveCfg = Release|Any CPU
		{493336A5-9380-431B-B65D-12C196FDF05C}.Release|Any CPU.Build.0 = Release|Any CPU
		{A92AD4CF-C115-4494-8B66-502F00C7BE33}.Debug|Any CPU.ActiveCfg = Debug|Any CPU
		{A92AD4CF-C115-4494-8B66-502F00C7BE33}.Debug|Any CPU.Build.0 = Debug|Any CPU
		{A92AD4CF-C115-4494-8B66-502F00C7BE33}.Release|Any CPU.ActiveCfg = Release|Any CPU
		{A92AD4CF-C115-4494-8B66-502F00C7BE33}.Release|Any CPU.Build.0 = Release|Any CPU
		{CC5A0E72-8FBC-4C74-B570-709B1E7FB0DF}.Debug|Any CPU.ActiveCfg = Debug|Any CPU
		{CC5A0E72-8FBC-4C74-B570-709B1E7FB0DF}.Debug|Any CPU.Build.0 = Debug|Any CPU
		{CC5A0E72-8FBC-4C74-B570-709B1E7FB0DF}.Release|Any CPU.ActiveCfg = Release|Any CPU
		{CC5A0E72-8FBC-4C74-B570-709B1E7FB0DF}.Release|Any CPU.Build.0 = Release|Any CPU
		{FCDABB1F-B9D5-4251-BBEA-9E831EB074FC}.Debug|Any CPU.ActiveCfg = Debug|Any CPU
		{FCDABB1F-B9D5-4251-BBEA-9E831EB074FC}.Debug|Any CPU.Build.0 = Debug|Any CPU
		{FCDABB1F-B9D5-4251-BBEA-9E831EB074FC}.Release|Any CPU.ActiveCfg = Release|Any CPU
		{FCDABB1F-B9D5-4251-BBEA-9E831EB074FC}.Release|Any CPU.Build.0 = Release|Any CPU
		{81628437-4D9B-42F5-9917-C0E4CEF25F41}.Debug|Any CPU.ActiveCfg = Debug|Any CPU
		{81628437-4D9B-42F5-9917-C0E4CEF25F41}.Debug|Any CPU.Build.0 = Debug|Any CPU
		{81628437-4D9B-42F5-9917-C0E4CEF25F41}.Release|Any CPU.ActiveCfg = Release|Any CPU
		{81628437-4D9B-42F5-9917-C0E4CEF25F41}.Release|Any CPU.Build.0 = Release|Any CPU
		{7556C6BA-2ED7-42A4-B1C4-78C4B08012C0}.Debug|Any CPU.ActiveCfg = Debug|Any CPU
		{7556C6BA-2ED7-42A4-B1C4-78C4B08012C0}.Debug|Any CPU.Build.0 = Debug|Any CPU
		{7556C6BA-2ED7-42A4-B1C4-78C4B08012C0}.Release|Any CPU.ActiveCfg = Release|Any CPU
		{7556C6BA-2ED7-42A4-B1C4-78C4B08012C0}.Release|Any CPU.Build.0 = Release|Any CPU
		{3A052064-EDBD-41F5-84C6-E4A7380D4483}.Debug|Any CPU.ActiveCfg = Debug|Any CPU
		{3A052064-EDBD-41F5-84C6-E4A7380D4483}.Debug|Any CPU.Build.0 = Debug|Any CPU
		{3A052064-EDBD-41F5-84C6-E4A7380D4483}.Release|Any CPU.ActiveCfg = Release|Any CPU
		{3A052064-EDBD-41F5-84C6-E4A7380D4483}.Release|Any CPU.Build.0 = Release|Any CPU
		{BA8F544F-6007-432C-8DEB-FEAD092213D4}.Debug|Any CPU.ActiveCfg = Debug|Any CPU
		{BA8F544F-6007-432C-8DEB-FEAD092213D4}.Debug|Any CPU.Build.0 = Debug|Any CPU
		{BA8F544F-6007-432C-8DEB-FEAD092213D4}.Release|Any CPU.ActiveCfg = Release|Any CPU
		{BA8F544F-6007-432C-8DEB-FEAD092213D4}.Release|Any CPU.Build.0 = Release|Any CPU
		{DF5FA774-EF14-4D58-A73B-F8078262B7A0}.Debug|Any CPU.ActiveCfg = Debug|Any CPU
		{DF5FA774-EF14-4D58-A73B-F8078262B7A0}.Debug|Any CPU.Build.0 = Debug|Any CPU
		{DF5FA774-EF14-4D58-A73B-F8078262B7A0}.Release|Any CPU.ActiveCfg = Release|Any CPU
		{DF5FA774-EF14-4D58-A73B-F8078262B7A0}.Release|Any CPU.Build.0 = Release|Any CPU
		{086DC350-0FBB-44B0-B070-994C1100D2EF}.Debug|Any CPU.ActiveCfg = Debug|Any CPU
		{086DC350-0FBB-44B0-B070-994C1100D2EF}.Debug|Any CPU.Build.0 = Debug|Any CPU
		{086DC350-0FBB-44B0-B070-994C1100D2EF}.Release|Any CPU.ActiveCfg = Release|Any CPU
		{086DC350-0FBB-44B0-B070-994C1100D2EF}.Release|Any CPU.Build.0 = Release|Any CPU
		{1D6ADA7F-7154-4CDA-9791-F3B79DC121BF}.Debug|Any CPU.ActiveCfg = Debug|Any CPU
		{1D6ADA7F-7154-4CDA-9791-F3B79DC121BF}.Debug|Any CPU.Build.0 = Debug|Any CPU
		{1D6ADA7F-7154-4CDA-9791-F3B79DC121BF}.Release|Any CPU.ActiveCfg = Release|Any CPU
		{1D6ADA7F-7154-4CDA-9791-F3B79DC121BF}.Release|Any CPU.Build.0 = Release|Any CPU
		{E41A7EA3-45ED-40AA-9571-E01D94C22221}.Debug|Any CPU.ActiveCfg = Debug|Any CPU
		{E41A7EA3-45ED-40AA-9571-E01D94C22221}.Debug|Any CPU.Build.0 = Debug|Any CPU
		{E41A7EA3-45ED-40AA-9571-E01D94C22221}.Release|Any CPU.ActiveCfg = Release|Any CPU
		{E41A7EA3-45ED-40AA-9571-E01D94C22221}.Release|Any CPU.Build.0 = Release|Any CPU
		{58D1D808-68EB-4787-B2D6-66D2B314701C}.Debug|Any CPU.ActiveCfg = Debug|Any CPU
		{58D1D808-68EB-4787-B2D6-66D2B314701C}.Debug|Any CPU.Build.0 = Debug|Any CPU
		{58D1D808-68EB-4787-B2D6-66D2B314701C}.Release|Any CPU.ActiveCfg = Release|Any CPU
		{58D1D808-68EB-4787-B2D6-66D2B314701C}.Release|Any CPU.Build.0 = Release|Any CPU
		{880DE2FD-24CD-4457-8055-589CEA9250CE}.Debug|Any CPU.ActiveCfg = Debug|Any CPU
		{880DE2FD-24CD-4457-8055-589CEA9250CE}.Debug|Any CPU.Build.0 = Debug|Any CPU
		{880DE2FD-24CD-4457-8055-589CEA9250CE}.Release|Any CPU.ActiveCfg = Release|Any CPU
		{880DE2FD-24CD-4457-8055-589CEA9250CE}.Release|Any CPU.Build.0 = Release|Any CPU
		{6937BE16-AC1E-4515-A383-9E045BEA6416}.Debug|Any CPU.ActiveCfg = Debug|Any CPU
		{6937BE16-AC1E-4515-A383-9E045BEA6416}.Debug|Any CPU.Build.0 = Debug|Any CPU
		{6937BE16-AC1E-4515-A383-9E045BEA6416}.Release|Any CPU.ActiveCfg = Release|Any CPU
		{6937BE16-AC1E-4515-A383-9E045BEA6416}.Release|Any CPU.Build.0 = Release|Any CPU
		{9CF65789-0794-4BB2-9C4A-C2BD09CC7CBC}.Debug|Any CPU.ActiveCfg = Debug|Any CPU
		{9CF65789-0794-4BB2-9C4A-C2BD09CC7CBC}.Debug|Any CPU.Build.0 = Debug|Any CPU
		{9CF65789-0794-4BB2-9C4A-C2BD09CC7CBC}.Release|Any CPU.ActiveCfg = Release|Any CPU
		{9CF65789-0794-4BB2-9C4A-C2BD09CC7CBC}.Release|Any CPU.Build.0 = Release|Any CPU
		{FACA8AE1-B466-4D42-B2F2-9493756F6E0F}.Debug|Any CPU.ActiveCfg = Debug|Any CPU
		{FACA8AE1-B466-4D42-B2F2-9493756F6E0F}.Debug|Any CPU.Build.0 = Debug|Any CPU
		{FACA8AE1-B466-4D42-B2F2-9493756F6E0F}.Release|Any CPU.ActiveCfg = Release|Any CPU
		{FACA8AE1-B466-4D42-B2F2-9493756F6E0F}.Release|Any CPU.Build.0 = Release|Any CPU
	EndGlobalSection
	GlobalSection(SolutionProperties) = preSolution
		HideSolutionNode = FALSE
	EndGlobalSection
	GlobalSection(NestedProjects) = preSolution
		{A5E9D3ED-738E-41F2-BB1E-B342B0172C74} = {13DC6896-BFF8-47A2-8520-9B402F4FDB8A}
		{D33F0876-8A7B-4103-B374-68B334244588} = {2FC3B561-17CC-44AF-B74D-CD6EA8571657}
		{ECE29BED-3C0F-4186-AA15-6FDE369BA613} = {59CFE0F9-22BA-416F-AABA-EB7BB889B01F}
		{288217FA-8F12-4A86-BCFF-40BB968983AE} = {BB5B928E-F1DC-42AD-9403-2B80C9EE7E28}
		{493336A5-9380-431B-B65D-12C196FDF05C} = {2BE04363-09F1-4D0E-95F4-FF32B048AFA2}
		{A92AD4CF-C115-4494-8B66-502F00C7BE33} = {8F91039A-2AD6-4248-852E-849447F377DB}
		{CC5A0E72-8FBC-4C74-B570-709B1E7FB0DF} = {6D7193E2-06D7-4306-B992-CC2053B99911}
		{FCDABB1F-B9D5-4251-BBEA-9E831EB074FC} = {34439DB5-9750-4FF8-9736-050D272A6717}
		{81628437-4D9B-42F5-9917-C0E4CEF25F41} = {A3B0828E-7615-453F-ADAF-BC6FDC19ECD7}
		{7556C6BA-2ED7-42A4-B1C4-78C4B08012C0} = {AFDA2604-9A5A-4D58-B07B-3728CAD25777}
		{3A052064-EDBD-41F5-84C6-E4A7380D4483} = {55709F3D-9C84-4B2A-B8AF-AC8DDF3312A7}
		{BA8F544F-6007-432C-8DEB-FEAD092213D4} = {44A8C813-3247-48C6-92E5-14715F3EF526}
		{DF5FA774-EF14-4D58-A73B-F8078262B7A0} = {44A8C813-3247-48C6-92E5-14715F3EF526}
		{086DC350-0FBB-44B0-B070-994C1100D2EF} = {EE1C5540-ECC8-45FA-808F-B0709CC70515}
		{1D6ADA7F-7154-4CDA-9791-F3B79DC121BF} = {BE3E4314-4021-43C6-A36C-EC8CA9F42FB9}
		{E41A7EA3-45ED-40AA-9571-E01D94C22221} = {BE3E4314-4021-43C6-A36C-EC8CA9F42FB9}
		{58D1D808-68EB-4787-B2D6-66D2B314701C} = {2D17AD47-B0ED-4E00-8664-2B2CD598131B}
		{880DE2FD-24CD-4457-8055-589CEA9250CE} = {2D17AD47-B0ED-4E00-8664-2B2CD598131B}
		{6937BE16-AC1E-4515-A383-9E045BEA6416} = {94E3A54D-D5AB-4DA3-BAD1-D69CC25582F0}
		{9CF65789-0794-4BB2-9C4A-C2BD09CC7CBC} = {94E3A54D-D5AB-4DA3-BAD1-D69CC25582F0}
		{FACA8AE1-B466-4D42-B2F2-9493756F6E0F} = {94E3A54D-D5AB-4DA3-BAD1-D69CC25582F0}
	EndGlobalSection
	GlobalSection(ExtensibilityGlobals) = postSolution
		SolutionGuid = {3AE745C4-CA0C-4248-8123-3CC6138AF099}
	EndGlobalSection
EndGlobal
